
Microsoft Visual Studio Solution File, Format Version 12.00
# Visual Studio Version 16
VisualStudioVersion = 16.0.31112.23
MinimumVisualStudioVersion = 10.0.40219.1
Project("{FAE04EC0-301F-11D3-BF4B-00C04F79EFBC}") = "QuanLyHopDong", "QuanLyHopDong\QuanLyHopDong.csproj", "{44741EF3-3C6C-4F7D-9BE6-67F344920C11}"
EndProject
Global
	GlobalSection(SolutionConfigurationPlatforms) = preSolution
		Debug|Any CPU = Debug|Any CPU
		Release|Any CPU = Release|Any CPU
	EndGlobalSection
	GlobalSection(ProjectConfigurationPlatforms) = postSolution
		{44741EF3-3C6C-4F7D-9BE6-67F344920C11}.Debug|Any CPU.ActiveCfg = Debug|Any CPU
		{44741EF3-3C6C-4F7D-9BE6-67F344920C11}.Debug|Any CPU.Build.0 = Debug|Any CPU
		{44741EF3-3C6C-4F7D-9BE6-67F344920C11}.Release|Any CPU.ActiveCfg = Release|Any CPU
		{44741EF3-3C6C-4F7D-9BE6-67F344920C11}.Release|Any CPU.Build.0 = Release|Any CPU
	EndGlobalSection
	GlobalSection(SolutionProperties) = preSolution
		HideSolutionNode = FALSE
	EndGlobalSection
	GlobalSection(ExtensibilityGlobals) = postSolution
		SolutionGuid = {9C023C91-C640-4AE9-BC53-2CFB94CD14D3}
	EndGlobalSection
EndGlobal
